
Microsoft Visual Studio Solution File, Format Version 12.00
# Visual Studio Version 17
VisualStudioVersion = 17.4.33205.214
MinimumVisualStudioVersion = 10.0.40219.1
Project("{FAE04EC0-301F-11D3-BF4B-00C04F79EFBC}") = "CatClub", "CatClub.csproj", "{069EE964-661A-4B4D-B752-73FBDEEFC356}"
EndProject
Global
	GlobalSection(SolutionConfigurationPlatforms) = preSolution
		Debug|Any CPU = Debug|Any CPU
		Release|Any CPU = Release|Any CPU
	EndGlobalSection
	GlobalSection(ProjectConfigurationPlatforms) = postSolution
		{069EE964-661A-4B4D-B752-73FBDEEFC356}.Debug|Any CPU.ActiveCfg = Debug|Any CPU
		{069EE964-661A-4B4D-B752-73FBDEEFC356}.Debug|Any CPU.Build.0 = Debug|Any CPU
		{069EE964-661A-4B4D-B752-73FBDEEFC356}.Release|Any CPU.ActiveCfg = Release|Any CPU
		{069EE964-661A-4B4D-B752-73FBDEEFC356}.Release|Any CPU.Build.0 = Release|Any CPU
	EndGlobalSection
	GlobalSection(SolutionProperties) = preSolution
		HideSolutionNode = FALSE
	EndGlobalSection
	GlobalSection(ExtensibilityGlobals) = postSolution
		SolutionGuid = {06C92A65-F3F9-47CE-907B-ECD46CDEB813}
	EndGlobalSection
EndGlobal
